{
  "name": "burnt-toast-gui",
  "version": "1.0.0",
  "lockfileVersion": 1,
  "requires": true,
  "dependencies": {
    "vue": {
      "version": "2.6.10",
      "resolved": "https://registry.npmjs.org/vue/-/vue-2.6.10.tgz",
      "integrity": "sha512-ImThpeNU9HbdZL3utgMCq0oiMzAkt1mcgy3/E6zWC/G6AaQoeuFdsl9nDhTDU3X1R6FK7nsIUuRACVcjI+A2GQ=="
    },
    "vuejs-progress-bar": {
      "version": "1.0.9",
      "resolved": "https://registry.npmjs.org/vuejs-progress-bar/-/vuejs-progress-bar-1.0.9.tgz",
      "integrity": "sha512-1il/KteRJwEYarN9gauZVyMP/otbkRL2AlGP2odwXioPNpcNQEwBAersPTVUxetAMdNXYPMDgetUQ5b6FWxDHg=="
    }
  }
}
